
Microsoft Visual Studio Solution File, Format Version 12.00
# Visual Studio Version 17
VisualStudioVersion = 17.3.32901.215
MinimumVisualStudioVersion = 10.0.40219.1
Project("{FAE04EC0-301F-11D3-BF4B-00C04F79EFBC}") = "MenuEjercicios", "MenuEjercicios\MenuEjercicios.csproj", "{91480553-DC24-411D-9365-32645332E751}"
EndProject
Global
	GlobalSection(SolutionConfigurationPlatforms) = preSolution
		Debug|Any CPU = Debug|Any CPU
		Release|Any CPU = Release|Any CPU
	EndGlobalSection
	GlobalSection(ProjectConfigurationPlatforms) = postSolution
		{91480553-DC24-411D-9365-32645332E751}.Debug|Any CPU.ActiveCfg = Debug|Any CPU
		{91480553-DC24-411D-9365-32645332E751}.Debug|Any CPU.Build.0 = Debug|Any CPU
		{91480553-DC24-411D-9365-32645332E751}.Release|Any CPU.ActiveCfg = Release|Any CPU
		{91480553-DC24-411D-9365-32645332E751}.Release|Any CPU.Build.0 = Release|Any CPU
	EndGlobalSection
	GlobalSection(SolutionProperties) = preSolution
		HideSolutionNode = FALSE
	EndGlobalSection
	GlobalSection(ExtensibilityGlobals) = postSolution
		SolutionGuid = {938FED30-EA23-4B0B-B912-86B899C77AF7}
	EndGlobalSection
EndGlobal
